// !$*UTF8*$!
{
	archiveVersion = 1;
	classes = {
	};
	objectVersion = 46;
	objects = {

/* Begin PBXBuildFile section */
		017A97E4B73C2B2059024473 /* libPods-MagicalAPPTests.a in Frameworks */ = {isa = PBXBuildFile; fileRef = CC156CE1728D0D07F09808AC /* libPods-MagicalAPPTests.a */; };
		2339760135B4478A03FBD03E /* libPods-MagicalAPP.a in Frameworks */ = {isa = PBXBuildFile; fileRef = B15B15DBF56640CD25EB1085 /* libPods-MagicalAPP.a */; };
		5D5709D9356BCD9E723EB8D9 /* libPods-MagicalAPPUITests.a in Frameworks */ = {isa = PBXBuildFile; fileRef = 423B69F2D75739AF9B8334C7 /* libPods-MagicalAPPUITests.a */; };
		EA5FBBFB1D68937C009C5C1F /* BaseDataFactory.m in Sources */ = {isa = PBXBuildFile; fileRef = EA5FBBFA1D68937C009C5C1F /* BaseDataFactory.m */; };
		EADBC8A01D688B4F00E202F4 /* main.m in Sources */ = {isa = PBXBuildFile; fileRef = EADBC89F1D688B4F00E202F4 /* main.m */; };
		EADBC8A31D688B4F00E202F4 /* AppDelegate.m in Sources */ = {isa = PBXBuildFile; fileRef = EADBC8A21D688B4F00E202F4 /* AppDelegate.m */; };
		EADBC8A91D688B4F00E202F4 /* Main.storyboard in Resources */ = {isa = PBXBuildFile; fileRef = EADBC8A71D688B4F00E202F4 /* Main.storyboard */; };
		EADBC8AC1D688B4F00E202F4 /* MagicalAPP.xcdatamodeld in Sources */ = {isa = PBXBuildFile; fileRef = EADBC8AA1D688B4F00E202F4 /* MagicalAPP.xcdatamodeld */; };
		EADBC8AE1D688B4F00E202F4 /* Assets.xcassets in Resources */ = {isa = PBXBuildFile; fileRef = EADBC8AD1D688B4F00E202F4 /* Assets.xcassets */; };
		EADBC8B11D688B4F00E202F4 /* LaunchScreen.storyboard in Resources */ = {isa = PBXBuildFile; fileRef = EADBC8AF1D688B4F00E202F4 /* LaunchScreen.storyboard */; };
		EADBC8BC1D688B4F00E202F4 /* MagicalAPPTests.m in Sources */ = {isa = PBXBuildFile; fileRef = EADBC8BB1D688B4F00E202F4 /* MagicalAPPTests.m */; };
		EADBC8C71D688B4F00E202F4 /* MagicalAPPUITests.m in Sources */ = {isa = PBXBuildFile; fileRef = EADBC8C61D688B4F00E202F4 /* MagicalAPPUITests.m */; };
/* End PBXBuildFile section */

/* Begin PBXContainerItemProxy section */
		EADBC8B81D688B4F00E202F4 /* PBXContainerItemProxy */ = {
			isa = PBXContainerItemProxy;
			containerPortal = EADBC8931D688B4E00E202F4 /* Project object */;
			proxyType = 1;
			remoteGlobalIDString = EADBC89A1D688B4E00E202F4;
			remoteInfo = MagicalAPP;
		};
		EADBC8C31D688B4F00E202F4 /* PBXContainerItemProxy */ = {
			isa = PBXContainerItemProxy;
			containerPortal = EADBC8931D688B4E00E202F4 /* Project object */;
			proxyType = 1;
			remoteGlobalIDString = EADBC89A1D688B4E00E202F4;
			remoteInfo = MagicalAPP;
		};
/* End PBXContainerItemProxy section */

/* Begin PBXFileReference section */
		0801C431D91B5B0BAFDD3211 /* Pods-MagicalAPPTests.release.xcconfig */ = {isa = PBXFileReference; includeInIndex = 1; lastKnownFileType = text.xcconfig; name = "Pods-MagicalAPPTests.release.xcconfig"; path = "Pods/Target Support Files/Pods-MagicalAPPTests/Pods-MagicalAPPTests.release.xcconfig"; sourceTree = "<group>"; };
		3B9E8CB1AFD90B7D37E09AB2 /* Pods-MagicalAPPTests.debug.xcconfig */ = {isa = PBXFileReference; includeInIndex = 1; lastKnownFileType = text.xcconfig; name = "Pods-MagicalAPPTests.debug.xcconfig"; path = "Pods/Target Support Files/Pods-MagicalAPPTests/Pods-MagicalAPPTests.debug.xcconfig"; sourceTree = "<group>"; };
		3F446CA5F5B5DE5BFD09B908 /* Pods-MagicalAPP.debug.xcconfig */ = {isa = PBXFileReference; includeInIndex = 1; lastKnownFileType = text.xcconfig; name = "Pods-MagicalAPP.debug.xcconfig"; path = "Pods/Target Support Files/Pods-MagicalAPP/Pods-MagicalAPP.debug.xcconfig"; sourceTree = "<group>"; };
		423B69F2D75739AF9B8334C7 /* libPods-MagicalAPPUITests.a */ = {isa = PBXFileReference; explicitFileType = archive.ar; includeInIndex = 0; path = "libPods-MagicalAPPUITests.a"; sourceTree = BUILT_PRODUCTS_DIR; };
		8F6A508A579684B222AB9BD4 /* Pods-MagicalAPPUITests.release.xcconfig */ = {isa = PBXFileReference; includeInIndex = 1; lastKnownFileType = text.xcconfig; name = "Pods-MagicalAPPUITests.release.xcconfig"; path = "Pods/Target Support Files/Pods-MagicalAPPUITests/Pods-MagicalAPPUITests.release.xcconfig"; sourceTree = "<group>"; };
		A9C37C071022AF4EE352A255 /* Pods-MagicalAPP.release.xcconfig */ = {isa = PBXFileReference; includeInIndex = 1; lastKnownFileType = text.xcconfig; name = "Pods-MagicalAPP.release.xcconfig"; path = "Pods/Target Support Files/Pods-MagicalAPP/Pods-MagicalAPP.release.xcconfig"; sourceTree = "<group>"; };
		B15B15DBF56640CD25EB1085 /* libPods-MagicalAPP.a */ = {isa = PBXFileReference; explicitFileType = archive.ar; includeInIndex = 0; path = "libPods-MagicalAPP.a"; sourceTree = BUILT_PRODUCTS_DIR; };
		CC156CE1728D0D07F09808AC /* libPods-MagicalAPPTests.a */ = {isa = PBXFileReference; explicitFileType = archive.ar; includeInIndex = 0; path = "libPods-MagicalAPPTests.a"; sourceTree = BUILT_PRODUCTS_DIR; };
		EA5FBBF91D68937C009C5C1F /* BaseDataFactory.h */ = {isa = PBXFileReference; fileEncoding = 4; lastKnownFileType = sourcecode.c.h; path = BaseDataFactory.h; sourceTree = "<group>"; };
		EA5FBBFA1D68937C009C5C1F /* BaseDataFactory.m */ = {isa = PBXFileReference; fileEncoding = 4; lastKnownFileType = sourcecode.c.objc; path = BaseDataFactory.m; sourceTree = "<group>"; };
		EADBC89B1D688B4E00E202F4 /* MagicalAPP.app */ = {isa = PBXFileReference; explicitFileType = wrapper.application; includeInIndex = 0; path = MagicalAPP.app; sourceTree = BUILT_PRODUCTS_DIR; };
		EADBC89F1D688B4F00E202F4 /* main.m */ = {isa = PBXFileReference; lastKnownFileType = sourcecode.c.objc; path = main.m; sourceTree = "<group>"; };
		EADBC8A11D688B4F00E202F4 /* AppDelegate.h */ = {isa = PBXFileReference; lastKnownFileType = sourcecode.c.h; path = AppDelegate.h; sourceTree = "<group>"; };
		EADBC8A21D688B4F00E202F4 /* AppDelegate.m */ = {isa = PBXFileReference; lastKnownFileType = sourcecode.c.objc; path = AppDelegate.m; sourceTree = "<group>"; };
		EADBC8A81D688B4F00E202F4 /* Base */ = {isa = PBXFileReference; lastKnownFileType = file.storyboard; name = Base; path = Base.lproj/Main.storyboard; sourceTree = "<group>"; };
		EADBC8AB1D688B4F00E202F4 /* MagicalAPP.xcdatamodel */ = {isa = PBXFileReference; lastKnownFileType = wrapper.xcdatamodel; path = MagicalAPP.xcdatamodel; sourceTree = "<group>"; };
		EADBC8AD1D688B4F00E202F4 /* Assets.xcassets */ = {isa = PBXFileReference; lastKnownFileType = folder.assetcatalog; path = Assets.xcassets; sourceTree = "<group>"; };
		EADBC8B01D688B4F00E202F4 /* Base */ = {isa = PBXFileReference; lastKnownFileType = file.storyboard; name = Base; path = Base.lproj/LaunchScreen.storyboard; sourceTree = "<group>"; };
		EADBC8B21D688B4F00E202F4 /* Info.plist */ = {isa = PBXFileReference; lastKnownFileType = text.plist.xml; path = Info.plist; sourceTree = "<group>"; };
		EADBC8B71D688B4F00E202F4 /* MagicalAPPTests.xctest */ = {isa = PBXFileReference; explicitFileType = wrapper.cfbundle; includeInIndex = 0; path = MagicalAPPTests.xctest; sourceTree = BUILT_PRODUCTS_DIR; };
		EADBC8BB1D688B4F00E202F4 /* MagicalAPPTests.m */ = {isa = PBXFileReference; lastKnownFileType = sourcecode.c.objc; path = MagicalAPPTests.m; sourceTree = "<group>"; };
		EADBC8BD1D688B4F00E202F4 /* Info.plist */ = {isa = PBXFileReference; lastKnownFileType = text.plist.xml; path = Info.plist; sourceTree = "<group>"; };
		EADBC8C21D688B4F00E202F4 /* MagicalAPPUITests.xctest */ = {isa = PBXFileReference; explicitFileType = wrapper.cfbundle; includeInIndex = 0; path = MagicalAPPUITests.xctest; sourceTree = BUILT_PRODUCTS_DIR; };
		EADBC8C61D688B4F00E202F4 /* MagicalAPPUITests.m */ = {isa = PBXFileReference; lastKnownFileType = sourcecode.c.objc; path = MagicalAPPUITests.m; sourceTree = "<group>"; };
		EADBC8C81D688B4F00E202F4 /* Info.plist */ = {isa = PBXFileReference; lastKnownFileType = text.plist.xml; path = Info.plist; sourceTree = "<group>"; };
		EFCB2CD36C7F55C833788CBC /* Pods-MagicalAPPUITests.debug.xcconfig */ = {isa = PBXFileReference; includeInIndex = 1; lastKnownFileType = text.xcconfig; name = "Pods-MagicalAPPUITests.debug.xcconfig"; path = "Pods/Target Support Files/Pods-MagicalAPPUITests/Pods-MagicalAPPUITests.debug.xcconfig"; sourceTree = "<group>"; };
/* End PBXFileReference section */

/* Begin PBXFrameworksBuildPhase section */
		EADBC8981D688B4E00E202F4 /* Frameworks */ = {
			isa = PBXFrameworksBuildPhase;
			buildActionMask = 2147483647;
			files = (
				2339760135B4478A03FBD03E /* libPods-MagicalAPP.a in Frameworks */,
			);
			runOnlyForDeploymentPostprocessing = 0;
		};
		EADBC8B41D688B4F00E202F4 /* Frameworks */ = {
			isa = PBXFrameworksBuildPhase;
			buildActionMask = 2147483647;
			files = (
				017A97E4B73C2B2059024473 /* libPods-MagicalAPPTests.a in Frameworks */,
			);
			runOnlyForDeploymentPostprocessing = 0;
		};
		EADBC8BF1D688B4F00E202F4 /* Frameworks */ = {
			isa = PBXFrameworksBuildPhase;
			buildActionMask = 2147483647;
			files = (
				5D5709D9356BCD9E723EB8D9 /* libPods-MagicalAPPUITests.a in Frameworks */,
			);
			runOnlyForDeploymentPostprocessing = 0;
		};
/* End PBXFrameworksBuildPhase section */

/* Begin PBXGroup section */
		2D2586192818FFE3835C2C55 /* Pods */ = {
			isa = PBXGroup;
			children = (
				3F446CA5F5B5DE5BFD09B908 /* Pods-MagicalAPP.debug.xcconfig */,
				A9C37C071022AF4EE352A255 /* Pods-MagicalAPP.release.xcconfig */,
				3B9E8CB1AFD90B7D37E09AB2 /* Pods-MagicalAPPTests.debug.xcconfig */,
				0801C431D91B5B0BAFDD3211 /* Pods-MagicalAPPTests.release.xcconfig */,
				EFCB2CD36C7F55C833788CBC /* Pods-MagicalAPPUITests.debug.xcconfig */,
				8F6A508A579684B222AB9BD4 /* Pods-MagicalAPPUITests.release.xcconfig */,
			);
			name = Pods;
			sourceTree = "<group>";
		};
		B5972918C21CD77133AC65F1 /* Frameworks */ = {
			isa = PBXGroup;
			children = (
				B15B15DBF56640CD25EB1085 /* libPods-MagicalAPP.a */,
				CC156CE1728D0D07F09808AC /* libPods-MagicalAPPTests.a */,
				423B69F2D75739AF9B8334C7 /* libPods-MagicalAPPUITests.a */,
			);
			name = Frameworks;
			sourceTree = "<group>";
		};
		EA5FBBF21D68934E009C5C1F /* BaseClasses */ = {
			isa = PBXGroup;
			children = (
				EA5FBBF91D68937C009C5C1F /* BaseDataFactory.h */,
				EA5FBBFA1D68937C009C5C1F /* BaseDataFactory.m */,
			);
			path = BaseClasses;
			sourceTree = "<group>";
		};
		EA5FBBF31D68934E009C5C1F /* Controllers */ = {
			isa = PBXGroup;
			children = (
			);
			path = Controllers;
			sourceTree = "<group>";
		};
		EA5FBBF41D68934E009C5C1F /* DataFactories */ = {
			isa = PBXGroup;
			children = (
			);
			path = DataFactories;
			sourceTree = "<group>";
		};
		EA5FBBF51D68934E009C5C1F /* Depots */ = {
			isa = PBXGroup;
			children = (
			);
			path = Depots;
			sourceTree = "<group>";
		};
		EA5FBBF61D68934E009C5C1F /* Models */ = {
			isa = PBXGroup;
			children = (
			);
			path = Models;
			sourceTree = "<group>";
		};
		EA5FBBF71D68934E009C5C1F /* Tools */ = {
			isa = PBXGroup;
			children = (
			);
			path = Tools;
			sourceTree = "<group>";
		};
		EA5FBBF81D68934E009C5C1F /* Views */ = {
			isa = PBXGroup;
			children = (
			);
			path = Views;
			sourceTree = "<group>";
		};
		EADBC8921D688B4E00E202F4 = {
			isa = PBXGroup;
			children = (
				EADBC89D1D688B4F00E202F4 /* MagicalAPP */,
				EADBC8BA1D688B4F00E202F4 /* MagicalAPPTests */,
				EADBC8C51D688B4F00E202F4 /* MagicalAPPUITests */,
				EADBC89C1D688B4E00E202F4 /* Products */,
				2D2586192818FFE3835C2C55 /* Pods */,
				B5972918C21CD77133AC65F1 /* Frameworks */,
			);
			sourceTree = "<group>";
		};
		EADBC89C1D688B4E00E202F4 /* Products */ = {
			isa = PBXGroup;
			children = (
				EADBC89B1D688B4E00E202F4 /* MagicalAPP.app */,
				EADBC8B71D688B4F00E202F4 /* MagicalAPPTests.xctest */,
				EADBC8C21D688B4F00E202F4 /* MagicalAPPUITests.xctest */,
			);
			name = Products;
			sourceTree = "<group>";
		};
		EADBC89D1D688B4F00E202F4 /* MagicalAPP */ = {
			isa = PBXGroup;
			children = (
				EA5FBBF21D68934E009C5C1F /* BaseClasses */,
				EA5FBBF31D68934E009C5C1F /* Controllers */,
				EA5FBBF41D68934E009C5C1F /* DataFactories */,
				EA5FBBF51D68934E009C5C1F /* Depots */,
				EA5FBBF61D68934E009C5C1F /* Models */,
				EA5FBBF71D68934E009C5C1F /* Tools */,
				EA5FBBF81D68934E009C5C1F /* Views */,
				EADBC8A11D688B4F00E202F4 /* AppDelegate.h */,
				EADBC8A21D688B4F00E202F4 /* AppDelegate.m */,
				EADBC8A71D688B4F00E202F4 /* Main.storyboard */,
				EADBC8AD1D688B4F00E202F4 /* Assets.xcassets */,
				EADBC8AF1D688B4F00E202F4 /* LaunchScreen.storyboard */,
				EADBC8B21D688B4F00E202F4 /* Info.plist */,
				EADBC8AA1D688B4F00E202F4 /* MagicalAPP.xcdatamodeld */,
				EADBC89E1D688B4F00E202F4 /* Supporting Files */,
			);
			path = MagicalAPP;
			sourceTree = "<group>";
		};
		EADBC89E1D688B4F00E202F4 /* Supporting Files */ = {
			isa = PBXGroup;
			children = (
				EADBC89F1D688B4F00E202F4 /* main.m */,
			);
			name = "Supporting Files";
			sourceTree = "<group>";
		};
		EADBC8BA1D688B4F00E202F4 /* MagicalAPPTests */ = {
			isa = PBXGroup;
			children = (
				EADBC8BB1D688B4F00E202F4 /* MagicalAPPTests.m */,
				EADBC8BD1D688B4F00E202F4 /* Info.plist */,
			);
			path = MagicalAPPTests;
			sourceTree = "<group>";
		};
		EADBC8C51D688B4F00E202F4 /* MagicalAPPUITests */ = {
			isa = PBXGroup;
			children = (
				EADBC8C61D688B4F00E202F4 /* MagicalAPPUITests.m */,
				EADBC8C81D688B4F00E202F4 /* Info.plist */,
			);
			path = MagicalAPPUITests;
			sourceTree = "<group>";
		};
/* End PBXGroup section */

/* Begin PBXNativeTarget section */
		EADBC89A1D688B4E00E202F4 /* MagicalAPP */ = {
			isa = PBXNativeTarget;
			buildConfigurationList = EADBC8CB1D688B4F00E202F4 /* Build configuration list for PBXNativeTarget "MagicalAPP" */;
			buildPhases = (
				C794F183E1C22867D39FE49E /* [CP] Check Pods Manifest.lock */,
				EADBC8971D688B4E00E202F4 /* Sources */,
				EADBC8981D688B4E00E202F4 /* Frameworks */,
				EADBC8991D688B4E00E202F4 /* Resources */,
				70889E0C4C6F6A8BA0C5C0FA /* [CP] Embed Pods Frameworks */,
				3D4A34B55E2CD377233208C9 /* [CP] Copy Pods Resources */,
			);
			buildRules = (
			);
			dependencies = (
			);
			name = MagicalAPP;
			productName = MagicalAPP;
			productReference = EADBC89B1D688B4E00E202F4 /* MagicalAPP.app */;
			productType = "com.apple.product-type.application";
		};
		EADBC8B61D688B4F00E202F4 /* MagicalAPPTests */ = {
			isa = PBXNativeTarget;
			buildConfigurationList = EADBC8CE1D688B4F00E202F4 /* Build configuration list for PBXNativeTarget "MagicalAPPTests" */;
			buildPhases = (
				E8CDD48AD892ED598E78B52F /* [CP] Check Pods Manifest.lock */,
				EADBC8B31D688B4F00E202F4 /* Sources */,
				EADBC8B41D688B4F00E202F4 /* Frameworks */,
				EADBC8B51D688B4F00E202F4 /* Resources */,
				F5966692FA72ACE98C30E09A /* [CP] Embed Pods Frameworks */,
				D5B8782D2877050E0D3036A1 /* [CP] Copy Pods Resources */,
			);
			buildRules = (
			);
			dependencies = (
				EADBC8B91D688B4F00E202F4 /* PBXTargetDependency */,
			);
			name = MagicalAPPTests;
			productName = MagicalAPPTests;
			productReference = EADBC8B71D688B4F00E202F4 /* MagicalAPPTests.xctest */;
			productType = "com.apple.product-type.bundle.unit-test";
		};
		EADBC8C11D688B4F00E202F4 /* MagicalAPPUITests */ = {
			isa = PBXNativeTarget;
			buildConfigurationList = EADBC8D11D688B4F00E202F4 /* Build configuration list for PBXNativeTarget "MagicalAPPUITests" */;
			buildPhases = (
				39EA53307805804B73CC7E26 /* [CP] Check Pods Manifest.lock */,
				EADBC8BE1D688B4F00E202F4 /* Sources */,
				EADBC8BF1D688B4F00E202F4 /* Frameworks */,
				EADBC8C01D688B4F00E202F4 /* Resources */,
				09CC0E67D5CCC3337A722401 /* [CP] Copy Pods Resources */,
			);
			buildRules = (
			);
			dependencies = (
				EADBC8C41D688B4F00E202F4 /* PBXTargetDependency */,
			);
			name = MagicalAPPUITests;
			productName = MagicalAPPUITests;
			productReference = EADBC8C21D688B4F00E202F4 /* MagicalAPPUITests.xctest */;
			productType = "com.apple.product-type.bundle.ui-testing";
		};
/* End PBXNativeTarget section */

/* Begin PBXProject section */
		EADBC8931D688B4E00E202F4 /* Project object */ = {
			isa = PBXProject;
			attributes = {
				LastUpgradeCheck = 0730;
				ORGANIZATIONNAME = "魏朋";
				TargetAttributes = {
					EADBC89A1D688B4E00E202F4 = {
						CreatedOnToolsVersion = 7.3.1;
						DevelopmentTeam = B8P9B2EFRS;
					};
					EADBC8B61D688B4F00E202F4 = {
						CreatedOnToolsVersion = 7.3.1;
						DevelopmentTeam = B8P9B2EFRS;
						TestTargetID = EADBC89A1D688B4E00E202F4;
					};
					EADBC8C11D688B4F00E202F4 = {
						CreatedOnToolsVersion = 7.3.1;
						DevelopmentTeam = B8P9B2EFRS;
						TestTargetID = EADBC89A1D688B4E00E202F4;
					};
				};
			};
			buildConfigurationList = EADBC8961D688B4E00E202F4 /* Build configuration list for PBXProject "MagicalAPP" */;
			compatibilityVersion = "Xcode 3.2";
			developmentRegion = English;
			hasScannedForEncodings = 0;
			knownRegions = (
				en,
				Base,
			);
			mainGroup = EADBC8921D688B4E00E202F4;
			productRefGroup = EADBC89C1D688B4E00E202F4 /* Products */;
			projectDirPath = "";
			projectRoot = "";
			targets = (
				EADBC89A1D688B4E00E202F4 /* MagicalAPP */,
				EADBC8B61D688B4F00E202F4 /* MagicalAPPTests */,
				EADBC8C11D688B4F00E202F4 /* MagicalAPPUITests */,
			);
		};
/* End PBXProject section */

/* Begin PBXResourcesBuildPhase section */
		EADBC8991D688B4E00E202F4 /* Resources */ = {
			isa = PBXResourcesBuildPhase;
			buildActionMask = 2147483647;
			files = (
				EADBC8B11D688B4F00E202F4 /* LaunchScreen.storyboard in Resources */,
				EADBC8AE1D688B4F00E202F4 /* Assets.xcassets in Resources */,
				EADBC8A91D688B4F00E202F4 /* Main.storyboard in Resources */,
			);
			runOnlyForDeploymentPostprocessing = 0;
		};
		EADBC8B51D688B4F00E202F4 /* Resources */ = {
			isa = PBXResourcesBuildPhase;
			buildActionMask = 2147483647;
			files = (
			);
			runOnlyForDeploymentPostprocessing = 0;
		};
		EADBC8C01D688B4F00E202F4 /* Resources */ = {
			isa = PBXResourcesBuildPhase;
			buildActionMask = 2147483647;
			files = (
			);
			runOnlyForDeploymentPostprocessing = 0;
		};
/* End PBXResourcesBuildPhase section */

/* Begin PBXShellScriptBuildPhase section */
		09CC0E67D5CCC3337A722401 /* [CP] Copy Pods Resources */ = {
			isa = PBXShellScriptBuildPhase;
			buildActionMask = 2147483647;
			files = (
			);
			inputPaths = (
			);
			name = "[CP] Copy Pods Resources";
			outputPaths = (
			);
			runOnlyForDeploymentPostprocessing = 0;
			shellPath = /bin/sh;
			shellScript = "\"${SRCROOT}/Pods/Target Support Files/Pods-MagicalAPPUITests/Pods-MagicalAPPUITests-resources.sh\"\n";
			showEnvVarsInLog = 0;
		};
		39EA53307805804B73CC7E26 /* [CP] Check Pods Manifest.lock */ = {
			isa = PBXShellScriptBuildPhase;
			buildActionMask = 2147483647;
			files = (
			);
			inputPaths = (
			);
			name = "[CP] Check Pods Manifest.lock";
			outputPaths = (
			);
			runOnlyForDeploymentPostprocessing = 0;
			shellPath = /bin/sh;
			shellScript = "diff \"${PODS_ROOT}/../Podfile.lock\" \"${PODS_ROOT}/Manifest.lock\" > /dev/null\nif [[ $? != 0 ]] ; then\n    cat << EOM\nerror: The sandbox is not in sync with the Podfile.lock. Run 'pod install' or update your CocoaPods installation.\nEOM\n    exit 1\nfi\n";
			showEnvVarsInLog = 0;
		};
		3D4A34B55E2CD377233208C9 /* [CP] Copy Pods Resources */ = {
			isa = PBXShellScriptBuildPhase;
			buildActionMask = 2147483647;
			files = (
			);
			inputPaths = (
			);
			name = "[CP] Copy Pods Resources";
			outputPaths = (
			);
			runOnlyForDeploymentPostprocessing = 0;
			shellPath = /bin/sh;
			shellScript = "\"${SRCROOT}/Pods/Target Support Files/Pods-MagicalAPP/Pods-MagicalAPP-resources.sh\"\n";
			showEnvVarsInLog = 0;
		};
		70889E0C4C6F6A8BA0C5C0FA /* [CP] Embed Pods Frameworks */ = {
			isa = PBXShellScriptBuildPhase;
			buildActionMask = 2147483647;
			files = (
			);
			inputPaths = (
			);
			name = "[CP] Embed Pods Frameworks";
			outputPaths = (
			);
			runOnlyForDeploymentPostprocessing = 0;
			shellPath = /bin/sh;
			shellScript = "\"${SRCROOT}/Pods/Target Support Files/Pods-MagicalAPP/Pods-MagicalAPP-frameworks.sh\"\n";
			showEnvVarsInLog = 0;
		};
		C794F183E1C22867D39FE49E /* [CP] Check Pods Manifest.lock */ = {
			isa = PBXShellScriptBuildPhase;
			buildActionMask = 2147483647;
			files = (
			);
			inputPaths = (
			);
			name = "[CP] Check Pods Manifest.lock";
			outputPaths = (
			);
			runOnlyForDeploymentPostprocessing = 0;
			shellPath = /bin/sh;
			shellScript = "diff \"${PODS_ROOT}/../Podfile.lock\" \"${PODS_ROOT}/Manifest.lock\" > /dev/null\nif [[ $? != 0 ]] ; then\n    cat << EOM\nerror: The sandbox is not in sync with the Podfile.lock. Run 'pod install' or update your CocoaPods installation.\nEOM\n    exit 1\nfi\n";
			showEnvVarsInLog = 0;
		};
		D5B8782D2877050E0D3036A1 /* [CP] Copy Pods Resources */ = {
			isa = PBXShellScriptBuildPhase;
			buildActionMask = 2147483647;
			files = (
			);
			inputPaths = (
			);
			name = "[CP] Copy Pods Resources";
			outputPaths = (
			);
			runOnlyForDeploymentPostprocessing = 0;
			shellPath = /bin/sh;
			shellScript = "\"${SRCROOT}/Pods/Target Support Files/Pods-MagicalAPPTests/Pods-MagicalAPPTests-resources.sh\"\n";
			showEnvVarsInLog = 0;
		};
		E8CDD48AD892ED598E78B52F /* [CP] Check Pods Manifest.lock */ = {
			isa = PBXShellScriptBuildPhase;
			buildActionMask = 2147483647;
			files = (
			);
			inputPaths = (
			);
			name = "[CP] Check Pods Manifest.lock";
			outputPaths = (
			);
			runOnlyForDeploymentPostprocessing = 0;
			shellPath = /bin/sh;
			shellScript = "diff \"${PODS_ROOT}/../Podfile.lock\" \"${PODS_ROOT}/Manifest.lock\" > /dev/null\nif [[ $? != 0 ]] ; then\n    cat << EOM\nerror: The sandbox is not in sync with the Podfile.lock. Run 'pod install' or update your CocoaPods installation.\nEOM\n    exit 1\nfi\n";
			showEnvVarsInLog = 0;
		};
		F5966692FA72ACE98C30E09A /* [CP] Embed Pods Frameworks */ = {
			isa = PBXShellScriptBuildPhase;
			buildActionMask = 2147483647;
			files = (
			);
			inputPaths = (
			);
			name = "[CP] Embed Pods Frameworks";
			outputPaths = (
			);
			runOnlyForDeploymentPostprocessing = 0;
			shellPath = /bin/sh;
			shellScript = "\"${SRCROOT}/Pods/Target Support Files/Pods-MagicalAPPTests/Pods-MagicalAPPTests-frameworks.sh\"\n";
			showEnvVarsInLog = 0;
		};
/* End PBXShellScriptBuildPhase section */

/* Begin PBXSourcesBuildPhase section */
		EADBC8971D688B4E00E202F4 /* Sources */ = {
			isa = PBXSourcesBuildPhase;
			buildActionMask = 2147483647;
			files = (
				EADBC8A31D688B4F00E202F4 /* AppDelegate.m in Sources */,
				EA5FBBFB1D68937C009C5C1F /* BaseDataFactory.m in Sources */,
				EADBC8AC1D688B4F00E202F4 /* MagicalAPP.xcdatamodeld in Sources */,
				EADBC8A01D688B4F00E202F4 /* main.m in Sources */,
			);
			runOnlyForDeploymentPostprocessing = 0;
		};
		EADBC8B31D688B4F00E202F4 /* Sources */ = {
			isa = PBXSourcesBuildPhase;
			buildActionMask = 2147483647;
			files = (
				EADBC8BC1D688B4F00E202F4 /* MagicalAPPTests.m in Sources */,
			);
			runOnlyForDeploymentPostprocessing = 0;
		};
		EADBC8BE1D688B4F00E202F4 /* Sources */ = {
			isa = PBXSourcesBuildPhase;
			buildActionMask = 2147483647;
			files = (
				EADBC8C71D688B4F00E202F4 /* MagicalAPPUITests.m in Sources */,
			);
			runOnlyForDeploymentPostprocessing = 0;
		};
/* End PBXSourcesBuildPhase section */

/* Begin PBXTargetDependency section */
		EADBC8B91D688B4F00E202F4 /* PBXTargetDependency */ = {
			isa = PBXTargetDependency;
			target = EADBC89A1D688B4E00E202F4 /* MagicalAPP */;
			targetProxy = EADBC8B81D688B4F00E202F4 /* PBXContainerItemProxy */;
		};
		EADBC8C41D688B4F00E202F4 /* PBXTargetDependency */ = {
			isa = PBXTargetDependency;
			target = EADBC89A1D688B4E00E202F4 /* MagicalAPP */;
			targetProxy = EADBC8C31D688B4F00E202F4 /* PBXContainerItemProxy */;
		};
/* End PBXTargetDependency section */

/* Begin PBXVariantGroup section */
		EADBC8A71D688B4F00E202F4 /* Main.storyboard */ = {
			isa = PBXVariantGroup;
			children = (
				EADBC8A81D688B4F00E202F4 /* Base */,
			);
			name = Main.storyboard;
			sourceTree = "<group>";
		};
		EADBC8AF1D688B4F00E202F4 /* LaunchScreen.storyboard */ = {
			isa = PBXVariantGroup;
			children = (
				EADBC8B01D688B4F00E202F4 /* Base */,
			);
			name = LaunchScreen.storyboard;
			sourceTree = "<group>";
		};
/* End PBXVariantGroup section */

/* Begin XCBuildConfiguration section */
		EADBC8C91D688B4F00E202F4 /* Debug */ = {
			isa = XCBuildConfiguration;
			buildSettings = {
				ALWAYS_SEARCH_USER_PATHS = NO;
				CLANG_ANALYZER_NONNULL = YES;
				CLANG_CXX_LANGUAGE_STANDARD = "gnu++0x";
				CLANG_CXX_LIBRARY = "libc++";
				CLANG_ENABLE_MODULES = YES;
				CLANG_ENABLE_OBJC_ARC = YES;
				CLANG_WARN_BOOL_CONVERSION = YES;
				CLANG_WARN_CONSTANT_CONVERSION = YES;
				CLANG_WARN_DIRECT_OBJC_ISA_USAGE = YES_ERROR;
				CLANG_WARN_EMPTY_BODY = YES;
				CLANG_WARN_ENUM_CONVERSION = YES;
				CLANG_WARN_INT_CONVERSION = YES;
				CLANG_WARN_OBJC_ROOT_CLASS = YES_ERROR;
				CLANG_WARN_UNREACHABLE_CODE = YES;
				CLANG_WARN__DUPLICATE_METHOD_MATCH = YES;
				"CODE_SIGN_IDENTITY[sdk=iphoneos*]" = "iPhone Developer";
				COPY_PHASE_STRIP = NO;
				DEBUG_INFORMATION_FORMAT = dwarf;
				ENABLE_STRICT_OBJC_MSGSEND = YES;
				ENABLE_TESTABILITY = YES;
				GCC_C_LANGUAGE_STANDARD = gnu99;
				GCC_DYNAMIC_NO_PIC = NO;
				GCC_NO_COMMON_BLOCKS = YES;
				GCC_OPTIMIZATION_LEVEL = 0;
				GCC_PREPROCESSOR_DEFINITIONS = (
					"DEBUG=1",
					"$(inherited)",
				);
				GCC_WARN_64_TO_32_BIT_CONVERSION = YES;
				GCC_WARN_ABOUT_RETURN_TYPE = YES_ERROR;
				GCC_WARN_UNDECLARED_SELECTOR = YES;
				GCC_WARN_UNINITIALIZED_AUTOS = YES_AGGRESSIVE;
				GCC_WARN_UNUSED_FUNCTION = YES;
				GCC_WARN_UNUSED_VARIABLE = YES;
				IPHONEOS_DEPLOYMENT_TARGET = 9.3;
				MTL_ENABLE_DEBUG_INFO = YES;
				ONLY_ACTIVE_ARCH = YES;
				SDKROOT = iphoneos;
			};
			name = Debug;
		};
		EADBC8CA1D688B4F00E202F4 /* Release */ = {
			isa = XCBuildConfiguration;
			buildSettings = {
				ALWAYS_SEARCH_USER_PATHS = NO;
				CLANG_ANALYZER_NONNULL = YES;
				CLANG_CXX_LANGUAGE_STANDARD = "gnu++0x";
				CLANG_CXX_LIBRARY = "libc++";
				CLANG_ENABLE_MODULES = YES;
				CLANG_ENABLE_OBJC_ARC = YES;
				CLANG_WARN_BOOL_CONVERSION = YES;
				CLANG_WARN_CONSTANT_CONVERSION = YES;
				CLANG_WARN_DIRECT_OBJC_ISA_USAGE = YES_ERROR;
				CLANG_WARN_EMPTY_BODY = YES;
				CLANG_WARN_ENUM_CONVERSION = YES;
				CLANG_WARN_INT_CONVERSION = YES;
				CLANG_WARN_OBJC_ROOT_CLASS = YES_ERROR;
				CLANG_WARN_UNREACHABLE_CODE = YES;
				CLANG_WARN__DUPLICATE_METHOD_MATCH = YES;
				"CODE_SIGN_IDENTITY[sdk=iphoneos*]" = "iPhone Developer";
				COPY_PHASE_STRIP = NO;
				DEBUG_INFORMATION_FORMAT = "dwarf-with-dsym";
				ENABLE_NS_ASSERTIONS = NO;
				ENABLE_STRICT_OBJC_MSGSEND = YES;
				GCC_C_LANGUAGE_STANDARD = gnu99;
				GCC_NO_COMMON_BLOCKS = YES;
				GCC_WARN_64_TO_32_BIT_CONVERSION = YES;
				GCC_WARN_ABOUT_RETURN_TYPE = YES_ERROR;
				GCC_WARN_UNDECLARED_SELECTOR = YES;
				GCC_WARN_UNINITIALIZED_AUTOS = YES_AGGRESSIVE;
				GCC_WARN_UNUSED_FUNCTION = YES;
				GCC_WARN_UNUSED_VARIABLE = YES;
				IPHONEOS_DEPLOYMENT_TARGET = 9.3;
				MTL_ENABLE_DEBUG_INFO = NO;
				SDKROOT = iphoneos;
				VALIDATE_PRODUCT = YES;
			};
			name = Release;
		};
		EADBC8CC1D688B4F00E202F4 /* Debug */ = {
			isa = XCBuildConfiguration;
			baseConfigurationReference = 3F446CA5F5B5DE5BFD09B908 /* Pods-MagicalAPP.debug.xcconfig */;
			buildSettings = {
				ASSETCATALOG_COMPILER_APPICON_NAME = AppIcon;
				INFOPLIST_FILE = MagicalAPP/Info.plist;
				IPHONEOS_DEPLOYMENT_TARGET = 7.1;
				LD_RUNPATH_SEARCH_PATHS = "$(inherited) @executable_path/Frameworks";
				PRODUCT_BUNDLE_IDENTIFIER = com.wp.MagicalAPP;
				PRODUCT_NAME = "$(TARGET_NAME)";
			};
			name = Debug;
		};
		EADBC8CD1D688B4F00E202F4 /* Release */ = {
			isa = XCBuildConfiguration;
			baseConfigurationReference = A9C37C071022AF4EE352A255 /* Pods-MagicalAPP.release.xcconfig */;
			buildSettings = {
				ASSETCATALOG_COMPILER_APPICON_NAME = AppIcon;
				INFOPLIST_FILE = MagicalAPP/Info.plist;
				IPHONEOS_DEPLOYMENT_TARGET = 7.1;
				LD_RUNPATH_SEARCH_PATHS = "$(inherited) @executable_path/Frameworks";
				PRODUCT_BUNDLE_IDENTIFIER = com.wp.MagicalAPP;
				PRODUCT_NAME = "$(TARGET_NAME)";
			};
			name = Release;
		};
		EADBC8CF1D688B4F00E202F4 /* Debug */ = {
			isa = XCBuildConfiguration;
			baseConfigurationReference = 3B9E8CB1AFD90B7D37E09AB2 /* Pods-MagicalAPPTests.debug.xcconfig */;
			buildSettings = {
				BUNDLE_LOADER = "$(TEST_HOST)";
				INFOPLIST_FILE = MagicalAPPTests/Info.plist;
				LD_RUNPATH_SEARCH_PATHS = "$(inherited) @executable_path/Frameworks @loader_path/Frameworks";
				PRODUCT_BUNDLE_IDENTIFIER = com.wp.MagicalAPPTests;
				PRODUCT_NAME = "$(TARGET_NAME)";
				TEST_HOST = "$(BUILT_PRODUCTS_DIR)/MagicalAPP.app/MagicalAPP";
			};
			name = Debug;
		};
		EADBC8D01D688B4F00E202F4 /* Release */ = {
			isa = XCBuildConfiguration;
			baseConfigurationReference = 0801C431D91B5B0BAFDD3211 /* Pods-MagicalAPPTests.release.xcconfig */;
			buildSettings = {
				BUNDLE_LOADER = "$(TEST_HOST)";
				INFOPLIST_FILE = MagicalAPPTests/Info.plist;
				LD_RUNPATH_SEARCH_PATHS = "$(inherited) @executable_path/Frameworks @loader_path/Frameworks";
				PRODUCT_BUNDLE_IDENTIFIER = com.wp.MagicalAPPTests;
				PRODUCT_NAME = "$(TARGET_NAME)";
				TEST_HOST = "$(BUILT_PRODUCTS_DIR)/MagicalAPP.app/MagicalAPP";
			};
			name = Release;
		};
		EADBC8D21D688B4F00E202F4 /* Debug */ = {
			isa = XCBuildConfiguration;
			baseConfigurationReference = EFCB2CD36C7F55C833788CBC /* Pods-MagicalAPPUITests.debug.xcconfig */;
			buildSettings = {
				INFOPLIST_FILE = MagicalAPPUITests/Info.plist;
				LD_RUNPATH_SEARCH_PATHS = "$(inherited) @executable_path/Frameworks @loader_path/Frameworks";
				PRODUCT_BUNDLE_IDENTIFIER = com.wp.MagicalAPPUITests;
				PRODUCT_NAME = "$(TARGET_NAME)";
				TEST_TARGET_NAME = MagicalAPP;
			};
			name = Debug;
		};
		EADBC8D31D688B4F00E202F4 /* Release */ = {
			isa = XCBuildConfiguration;
			baseConfigurationReference = 8F6A508A579684B222AB9BD4 /* Pods-MagicalAPPUITests.release.xcconfig */;
			buildSettings = {
				INFOPLIST_FILE = MagicalAPPUITests/Info.plist;
				LD_RUNPATH_SEARCH_PATHS = "$(inherited) @executable_path/Frameworks @loader_path/Frameworks";
				PRODUCT_BUNDLE_IDENTIFIER = com.wp.MagicalAPPUITests;
				PRODUCT_NAME = "$(TARGET_NAME)";
				TEST_TARGET_NAME = MagicalAPP;
			};
			name = Release;
		};
/* End XCBuildConfiguration section */

/* Begin XCConfigurationList section */
		EADBC8961D688B4E00E202F4 /* Build configuration list for PBXProject "MagicalAPP" */ = {
			isa = XCConfigurationList;
			buildConfigurations = (
				EADBC8C91D688B4F00E202F4 /* Debug */,
				EADBC8CA1D688B4F00E202F4 /* Release */,
			);
			defaultConfigurationIsVisible = 0;
			defaultConfigurationName = Release;
		};
		EADBC8CB1D688B4F00E202F4 /* Build configuration list for PBXNativeTarget "MagicalAPP" */ = {
			isa = XCConfigurationList;
			buildConfigurations = (
				EADBC8CC1D688B4F00E202F4 /* Debug */,
				EADBC8CD1D688B4F00E202F4 /* Release */,
			);
			defaultConfigurationIsVisible = 0;
			defaultConfigurationName = Release;
		};
		EADBC8CE1D688B4F00E202F4 /* Build configuration list for PBXNativeTarget "MagicalAPPTests" */ = {
			isa = XCConfigurationList;
			buildConfigurations = (
				EADBC8CF1D688B4F00E202F4 /* Debug */,
				EADBC8D01D688B4F00E202F4 /* Release */,
			);
			defaultConfigurationIsVisible = 0;
			defaultConfigurationName = Release;
		};
		EADBC8D11D688B4F00E202F4 /* Build configuration list for PBXNativeTarget "MagicalAPPUITests" */ = {
			isa = XCConfigurationList;
			buildConfigurations = (
				EADBC8D21D688B4F00E202F4 /* Debug */,
				EADBC8D31D688B4F00E202F4 /* Release */,
			);
			defaultConfigurationIsVisible = 0;
			defaultConfigurationName = Release;
		};
/* End XCConfigurationList section */

/* Begin XCVersionGroup section */
		EADBC8AA1D688B4F00E202F4 /* MagicalAPP.xcdatamodeld */ = {
			isa = XCVersionGroup;
			children = (
				EADBC8AB1D688B4F00E202F4 /* MagicalAPP.xcdatamodel */,
			);
			currentVersion = EADBC8AB1D688B4F00E202F4 /* MagicalAPP.xcdatamodel */;
			path = MagicalAPP.xcdatamodeld;
			sourceTree = "<group>";
			versionGroupType = wrapper.xcdatamodel;
		};
/* End XCVersionGroup section */
	};
	rootObject = EADBC8931D688B4E00E202F4 /* Project object */;
}
